# This file is automatically @generated by Cargo.
# It is not intended for manual editing.
version = 4

[[package]]
name = "halquen-audit"
version = "0.1.0"

[[package]]
name = "halquen-capabilities"
version = "0.1.0"
dependencies = [
 "halquen-domain",
]

[[package]]
name = "halquen-cli"
version = "0.1.0"

[[package]]
name = "halquen-daemon"
version = "0.1.0"
dependencies = [
 "halquen-capabilities",
 "halquen-domain",
 "halquen-policy",
]

[[package]]
name = "halquen-domain"
version = "0.1.0"

[[package]]
name = "halquen-memory"
version = "0.1.0"

[[package]]
name = "halquen-policy"
version = "0.1.0"
dependencies = [
 "halquen-domain",
]

[[package]]
name = "halquen-protocol"
version = "0.1.0"

[[package]]
name = "halquen-storage"
version = "0.1.0"
